
Microsoft Visual Studio Solution File, Format Version 12.00
# Visual Studio Version 17
VisualStudioVersion = 17.1.32210.238
MinimumVisualStudioVersion = 10.0.40219.1
Project("{FAE04EC0-301F-11D3-BF4B-00C04F79EFBC}") = "LaunchDJ-Backend", "LaunchDJ-Backend.csproj", "{A35952A7-4953-40CF-87B4-3C33073BE4B8}"
EndProject
Global
	GlobalSection(SolutionConfigurationPlatforms) = preSolution
		Debug|Any CPU = Debug|Any CPU
		Release|Any CPU = Release|Any CPU
	EndGlobalSection
	GlobalSection(ProjectConfigurationPlatforms) = postSolution
		{A35952A7-4953-40CF-87B4-3C33073BE4B8}.Debug|Any CPU.ActiveCfg = Debug|Any CPU
		{A35952A7-4953-40CF-87B4-3C33073BE4B8}.Debug|Any CPU.Build.0 = Debug|Any CPU
		{A35952A7-4953-40CF-87B4-3C33073BE4B8}.Release|Any CPU.ActiveCfg = Release|Any CPU
		{A35952A7-4953-40CF-87B4-3C33073BE4B8}.Release|Any CPU.Build.0 = Release|Any CPU
	EndGlobalSection
	GlobalSection(SolutionProperties) = preSolution
		HideSolutionNode = FALSE
	EndGlobalSection
	GlobalSection(ExtensibilityGlobals) = postSolution
		SolutionGuid = {3DBDFB66-8479-42FE-83D9-0317D0360027}
	EndGlobalSection
EndGlobal
